
Microsoft Visual Studio Solution File, Format Version 12.00
# Visual Studio Version 17
VisualStudioVersion = 17.8.34309.116
MinimumVisualStudioVersion = 10.0.40219.1
Project("{9A19103F-16F7-4668-BE54-9A1E7A4F7556}") = "UserProject", "UserProject\UserProject.csproj", "{50706823-3B2A-40B6-8D47-3BFBF3F7885B}"
EndProject
Project("{9A19103F-16F7-4668-BE54-9A1E7A4F7556}") = "Entities", "Entities\Entities.csproj", "{B3485929-366B-4C5B-8074-DD8F9A7D0AEB}"
EndProject
Project("{9A19103F-16F7-4668-BE54-9A1E7A4F7556}") = "Repositories", "Repositories\Repositories.csproj", "{9297C75A-9A09-4E1E-8C00-FD179B57D5EF}"
EndProject
Project("{FAE04EC0-301F-11D3-BF4B-00C04F79EFBC}") = "Services", "Services\Services.csproj", "{0E450143-39A7-4356-84AA-FBEF646657C6}"
EndProject
Global
	GlobalSection(SolutionConfigurationPlatforms) = preSolution
		Debug|Any CPU = Debug|Any CPU
		Release|Any CPU = Release|Any CPU
	EndGlobalSection
	GlobalSection(ProjectConfigurationPlatforms) = postSolution
		{50706823-3B2A-40B6-8D47-3BFBF3F7885B}.Debug|Any CPU.ActiveCfg = Debug|Any CPU
		{50706823-3B2A-40B6-8D47-3BFBF3F7885B}.Debug|Any CPU.Build.0 = Debug|Any CPU
		{50706823-3B2A-40B6-8D47-3BFBF3F7885B}.Release|Any CPU.ActiveCfg = Release|Any CPU
		{50706823-3B2A-40B6-8D47-3BFBF3F7885B}.Release|Any CPU.Build.0 = Release|Any CPU
		{B3485929-366B-4C5B-8074-DD8F9A7D0AEB}.Debug|Any CPU.ActiveCfg = Debug|Any CPU
		{B3485929-366B-4C5B-8074-DD8F9A7D0AEB}.Debug|Any CPU.Build.0 = Debug|Any CPU
		{B3485929-366B-4C5B-8074-DD8F9A7D0AEB}.Release|Any CPU.ActiveCfg = Release|Any CPU
		{B3485929-366B-4C5B-8074-DD8F9A7D0AEB}.Release|Any CPU.Build.0 = Release|Any CPU
		{9297C75A-9A09-4E1E-8C00-FD179B57D5EF}.Debug|Any CPU.ActiveCfg = Debug|Any CPU
		{9297C75A-9A09-4E1E-8C00-FD179B57D5EF}.Debug|Any CPU.Build.0 = Debug|Any CPU
		{9297C75A-9A09-4E1E-8C00-FD179B57D5EF}.Release|Any CPU.ActiveCfg = Release|Any CPU
		{9297C75A-9A09-4E1E-8C00-FD179B57D5EF}.Release|Any CPU.Build.0 = Release|Any CPU
		{0E450143-39A7-4356-84AA-FBEF646657C6}.Debug|Any CPU.ActiveCfg = Debug|Any CPU
		{0E450143-39A7-4356-84AA-FBEF646657C6}.Debug|Any CPU.Build.0 = Debug|Any CPU
		{0E450143-39A7-4356-84AA-FBEF646657C6}.Release|Any CPU.ActiveCfg = Release|Any CPU
		{0E450143-39A7-4356-84AA-FBEF646657C6}.Release|Any CPU.Build.0 = Release|Any CPU
	EndGlobalSection
	GlobalSection(SolutionProperties) = preSolution
		HideSolutionNode = FALSE
	EndGlobalSection
	GlobalSection(ExtensibilityGlobals) = postSolution
		SolutionGuid = {E3267022-BE7C-4DC5-A921-1FE2C57B22AA}
	EndGlobalSection
EndGlobal
